<?xml version="1.0" encoding="utf-8"?>
<Project ToolsVersion="4.0" xmlns="http://schemas.microsoft.com/developer/msbuild/2003">
  <ItemGroup>
    <Filter Include="Source Files">
      <UniqueIdentifier>{4FC737F1-C7A5-4376-A066-2A32D752A2FF}</UniqueIdentifier>
      <Extensions>cpp;c;cc;cxx;def;odl;idl;hpj;bat;asm;asmx</Extensions>
    </Filter>
    <Filter Include="Resource Files">
      <UniqueIdentifier>{67DA6AB6-F800-4c08-8B7A-83BB121AAD01}</UniqueIdentifier>
      <Extensions>rc;ico;cur;bmp;dlg;rc2;rct;bin;rgs;gif;jpg;jpeg;jpe;resx;tiff;tif;png;wav;mfcribbon-ms</Extensions>
    </Filter>
    <Filter Include="Source Files\Math">
      <UniqueIdentifier>{058332e6-f3eb-47f5-9d5c-92648013fb6b}</UniqueIdentifier>
    </Filter>
    <Filter Include="Source Files\Models">
      <UniqueIdentifier>{723d84cd-8e49-47be-928e-61495476763d}</UniqueIdentifier>
    </Filter>
    <Filter Include="Source Files\Testing">
      <UniqueIdentifier>{180c3ed3-4f1e-431d-bc89-9d39b9a10ed2}</UniqueIdentifier>
    </Filter>
  </ItemGroup>
  <ItemGroup>
    <ClCompile Include="winmain.cpp">
      <Filter>Source Files</Filter>
    </ClCompile>
    <ClCompile Include="stdafx.cpp">
      <Filter>Source Files</Filter>
    </ClCompile>
    <ClCompile Include="app.cpp">
      <Filter>Source Files</Filter>
    </ClCompile>
    <ClCompile Include="win.cpp">
      <Filter>Source Files</Filter>
    </ClCompile>
    <ClCompile Include="gfx.cpp">
      <Filter>Source Files</Filter>
    </ClCompile>
    <ClCompile Include="errors.cpp">
      <Filter>Source Files</Filter>
    </ClCompile>
    <ClCompile Include="shaders.cpp">
      <Filter>Source Files</Filter>
    </ClCompile>
    <ClCompile Include="stdwin.cpp">
      <Filter>Source Files</Filter>
    </ClCompile>
    <ClCompile Include="camera.cpp">
      <Filter>Source Files</Filter>
    </ClCompile>
    <ClCompile Include="stdgfx.cpp">
      <Filter>Source Files</Filter>
    </ClCompile>
    <ClCompile Include="matrix4x4.cpp">
      <Filter>Source Files\Math</Filter>
    </ClCompile>
    <ClCompile Include="vector3.cpp">
      <Filter>Source Files\Math</Filter>
    </ClCompile>
    <ClCompile Include="math.cpp">
      <Filter>Source Files\Math</Filter>
    </ClCompile>
    <ClCompile Include="ray.cpp">
      <Filter>Source Files\Math</Filter>
    </ClCompile>
    <ClCompile Include="layouts.cpp">
      <Filter>Source Files</Filter>
    </ClCompile>
    <ClCompile Include="axes.cpp">
      <Filter>Source Files\Models</Filter>
    </ClCompile>
    <ClCompile Include="grid.cpp">
      <Filter>Source Files\Models</Filter>
    </ClCompile>
    <ClCompile Include="orbit.cpp">
      <Filter>Source Files\Models</Filter>
    </ClCompile>
    <ClCompile Include="testing\sk_axes.cpp">
      <Filter>Source Files\Testing</Filter>
    </ClCompile>
    <ClCompile Include="testing\tests.cpp">
      <Filter>Source Files\Testing</Filter>
    </ClCompile>
    <ClCompile Include="ascii.cpp">
      <Filter>Source Files</Filter>
    </ClCompile>
    <ClCompile Include="model.cpp">
      <Filter>Source Files</Filter>
    </ClCompile>
  </ItemGroup>
  <ItemGroup>
    <ClInclude Include="stdafx.h">
      <Filter>Source Files</Filter>
    </ClInclude>
    <ClInclude Include="app.h">
      <Filter>Source Files</Filter>
    </ClInclude>
    <ClInclude Include="win.h">
      <Filter>Source Files</Filter>
    </ClInclude>
    <ClInclude Include="gfx.h">
      <Filter>Source Files</Filter>
    </ClInclude>
    <ClInclude Include="errors.h">
      <Filter>Source Files</Filter>
    </ClInclude>
    <ClInclude Include="shaders.h">
      <Filter>Source Files</Filter>
    </ClInclude>
    <ClInclude Include="stdwin.h">
      <Filter>Source Files</Filter>
    </ClInclude>
    <ClInclude Include="camera.h">
      <Filter>Source Files</Filter>
    </ClInclude>
    <ClInclude Include="stdgfx.h">
      <Filter>Source Files</Filter>
    </ClInclude>
    <ClInclude Include="matrix4x4.h">
      <Filter>Source Files\Math</Filter>
    </ClInclude>
    <ClInclude Include="vector3.h">
      <Filter>Source Files\Math</Filter>
    </ClInclude>
    <ClInclude Include="math.h">
      <Filter>Source Files\Math</Filter>
    </ClInclude>
    <ClInclude Include="ray.h">
      <Filter>Source Files\Math</Filter>
    </ClInclude>
    <ClInclude Include="layouts.h">
      <Filter>Source Files</Filter>
    </ClInclude>
    <ClInclude Include="axes.h">
      <Filter>Source Files\Models</Filter>
    </ClInclude>
    <ClInclude Include="grid.h">
      <Filter>Source Files\Models</Filter>
    </ClInclude>
    <ClInclude Include="orbit.h">
      <Filter>Source Files\Models</Filter>
    </ClInclude>
    <ClInclude Include="stdres.h">
      <Filter>Resource Files</Filter>
    </ClInclude>
    <ClInclude Include="testing\sk_axes.h">
      <Filter>Source Files\Testing</Filter>
    </ClInclude>
    <ClInclude Include="testing\tests.h">
      <Filter>Source Files\Testing</Filter>
    </ClInclude>
    <ClInclude Include="ascii.h">
      <Filter>Source Files</Filter>
    </ClInclude>
    <ClInclude Include="model.h">
      <Filter>Source Files</Filter>
    </ClInclude>
  </ItemGroup>
  <ItemGroup>
    <ResourceCompile Include="stdres.rc">
      <Filter>Resource Files</Filter>
    </ResourceCompile>
  </ItemGroup>
</Project>