<?xml version="1.0" encoding="utf-8"?>
<Project ToolsVersion="4.0" xmlns="http://schemas.microsoft.com/developer/msbuild/2003">
  <ItemGroup>
    <Filter Include="Source Files">
      <UniqueIdentifier>{4FC737F1-C7A5-4376-A066-2A32D752A2FF}</UniqueIdentifier>
      <Extensions>cpp;c;cc;cxx;def;odl;idl;hpj;bat;asm;asmx</Extensions>
    </Filter>
    <Filter Include="Resource Files">
      <UniqueIdentifier>{67DA6AB6-F800-4c08-8B7A-83BB121AAD01}</UniqueIdentifier>
      <Extensions>rc;ico;cur;bmp;dlg;rc2;rct;bin;rgs;gif;jpg;jpeg;jpe;resx;tiff;tif;png;wav;mfcribbon-ms</Extensions>
    </Filter>
    <Filter Include="Source Files\Math">
      <UniqueIdentifier>{058332e6-f3eb-47f5-9d5c-92648013fb6b}</UniqueIdentifier>
    </Filter>
    <Filter Include="Source Files\Models">
      <UniqueIdentifier>{723d84cd-8e49-47be-928e-61495476763d}</UniqueIdentifier>
    </Filter>
    <Filter Include="Source Files\Testing">
      <UniqueIdentifier>{180c3ed3-4f1e-431d-bc89-9d39b9a10ed2}</UniqueIdentifier>
    </Filter>
    <Filter Include="Shader Files">
      <UniqueIdentifier>{eae11d43-ea96-4a44-a62f-19ebc6be046b}</UniqueIdentifier>
    </Filter>
    <Filter Include="Shader Files\VS">
      <UniqueIdentifier>{d9c98d80-0941-410a-a79d-8b102b7154fb}</UniqueIdentifier>
    </Filter>
    <Filter Include="Shader Files\PS">
      <UniqueIdentifier>{c95db9a4-41e3-4a75-b91e-0d3b5183e295}</UniqueIdentifier>
    </Filter>
    <Filter Include="Source Files\Direct3D">
      <UniqueIdentifier>{58106867-a1a0-4f39-8573-596b592b3bbe}</UniqueIdentifier>
    </Filter>
    <Filter Include="Source Files\Textures">
      <UniqueIdentifier>{f1a33048-4550-4f64-866e-e9fe71c42a19}</UniqueIdentifier>
    </Filter>
    <Filter Include="Source Files\Game">
      <UniqueIdentifier>{834185c6-d36e-446f-8c81-f428a9e11983}</UniqueIdentifier>
    </Filter>
    <Filter Include="Script Files">
      <UniqueIdentifier>{d3033ca5-c4f4-4bea-93e0-b94a987a026e}</UniqueIdentifier>
    </Filter>
    <Filter Include="Source Files\Testing\General">
      <UniqueIdentifier>{e77e82c1-bb82-416a-b777-7b22d8c807eb}</UniqueIdentifier>
    </Filter>
  </ItemGroup>
  <ItemGroup>
    <ClCompile Include="winmain.cpp">
      <Filter>Source Files</Filter>
    </ClCompile>
    <ClCompile Include="stdafx.cpp">
      <Filter>Source Files</Filter>
    </ClCompile>
    <ClCompile Include="app.cpp">
      <Filter>Source Files</Filter>
    </ClCompile>
    <ClCompile Include="win.cpp">
      <Filter>Source Files</Filter>
    </ClCompile>
    <ClCompile Include="errors.cpp">
      <Filter>Source Files</Filter>
    </ClCompile>
    <ClCompile Include="stdwin.cpp">
      <Filter>Source Files</Filter>
    </ClCompile>
    <ClCompile Include="camera.cpp">
      <Filter>Source Files</Filter>
    </ClCompile>
    <ClCompile Include="stdgfx.cpp">
      <Filter>Source Files</Filter>
    </ClCompile>
    <ClCompile Include="vector3.cpp">
      <Filter>Source Files\Math</Filter>
    </ClCompile>
    <ClCompile Include="math.cpp">
      <Filter>Source Files\Math</Filter>
    </ClCompile>
    <ClCompile Include="ray.cpp">
      <Filter>Source Files\Math</Filter>
    </ClCompile>
    <ClCompile Include="axes.cpp">
      <Filter>Source Files\Models</Filter>
    </ClCompile>
    <ClCompile Include="grid.cpp">
      <Filter>Source Files\Models</Filter>
    </ClCompile>
    <ClCompile Include="orbit.cpp">
      <Filter>Source Files\Models</Filter>
    </ClCompile>
    <ClCompile Include="testing\sk_axes.cpp">
      <Filter>Source Files\Testing</Filter>
    </ClCompile>
    <ClCompile Include="testing\tests.cpp">
      <Filter>Source Files\Testing</Filter>
    </ClCompile>
    <ClCompile Include="ascii.cpp">
      <Filter>Source Files</Filter>
    </ClCompile>
    <ClCompile Include="matrix4.cpp">
      <Filter>Source Files\Math</Filter>
    </ClCompile>
    <ClCompile Include="gfx.cpp">
      <Filter>Source Files\Direct3D</Filter>
    </ClCompile>
    <ClCompile Include="layouts.cpp">
      <Filter>Source Files\Direct3D</Filter>
    </ClCompile>
    <ClCompile Include="shaders.cpp">
      <Filter>Source Files\Direct3D</Filter>
    </ClCompile>
    <ClCompile Include="rasters.cpp">
      <Filter>Source Files\Direct3D</Filter>
    </ClCompile>
    <ClCompile Include="texture.cpp">
      <Filter>Source Files\Direct3D</Filter>
    </ClCompile>
    <ClCompile Include="bmp.cpp">
      <Filter>Source Files\Textures</Filter>
    </ClCompile>
    <ClCompile Include="png.cpp">
      <Filter>Source Files\Textures</Filter>
    </ClCompile>
    <ClCompile Include="stc.cpp">
      <Filter>Source Files\Textures</Filter>
    </ClCompile>
    <ClCompile Include="tga.cpp">
      <Filter>Source Files\Textures</Filter>
    </ClCompile>
    <ClCompile Include="blending.cpp">
      <Filter>Source Files\Direct3D</Filter>
    </ClCompile>
    <ClCompile Include="sampler.cpp">
      <Filter>Source Files\Direct3D</Filter>
    </ClCompile>
    <ClCompile Include="stencil.cpp">
      <Filter>Source Files\Direct3D</Filter>
    </ClCompile>
    <ClCompile Include="player.cpp">
      <Filter>Source Files\Game</Filter>
    </ClCompile>
    <ClCompile Include="xinput.cpp">
      <Filter>Source Files</Filter>
    </ClCompile>
    <ClCompile Include="hudtex.cpp">
      <Filter>Source Files\Direct3D</Filter>
    </ClCompile>
    <ClCompile Include="testing\flyby.cpp">
      <Filter>Source Files\Testing</Filter>
    </ClCompile>
    <ClCompile Include="testing\t_portal.cpp">
      <Filter>Source Files\Testing</Filter>
    </ClCompile>
    <ClCompile Include="game.cpp">
      <Filter>Source Files\Game</Filter>
    </ClCompile>
    <ClCompile Include="door.cpp">
      <Filter>Source Files\Game</Filter>
    </ClCompile>
    <ClCompile Include="map.cpp">
      <Filter>Source Files\Game</Filter>
    </ClCompile>
    <ClCompile Include="portal.cpp">
      <Filter>Source Files\Game</Filter>
    </ClCompile>
    <ClCompile Include="collision.cpp">
      <Filter>Source Files\Math</Filter>
    </ClCompile>
    <ClCompile Include="testing\t_map.cpp">
      <Filter>Source Files\Testing</Filter>
    </ClCompile>
    <ClCompile Include="bvh.cpp">
      <Filter>Source Files\Math</Filter>
    </ClCompile>
    <ClCompile Include="aabb.cpp">
      <Filter>Source Files\Math</Filter>
    </ClCompile>
    <ClCompile Include="testing\t_aabb.cpp">
      <Filter>Source Files\Testing</Filter>
    </ClCompile>
    <ClCompile Include="sphere3.cpp">
      <Filter>Source Files\Math</Filter>
    </ClCompile>
    <ClCompile Include="testing\t_minmax.cpp">
      <Filter>Source Files\Testing</Filter>
    </ClCompile>
    <ClCompile Include="model.cpp">
      <Filter>Source Files</Filter>
    </ClCompile>
    <ClCompile Include="model_v2.cpp">
      <Filter>Source Files</Filter>
    </ClCompile>
    <ClCompile Include="meshbin.cpp">
      <Filter>Source Files</Filter>
    </ClCompile>
    <ClCompile Include="meshinst.cpp">
      <Filter>Source Files</Filter>
    </ClCompile>
    <ClCompile Include="testing\t_mesh.cpp">
      <Filter>Source Files\Testing\General</Filter>
    </ClCompile>
    <ClCompile Include="xaudio.cpp">
      <Filter>Source Files</Filter>
    </ClCompile>
    <ClCompile Include="fileio.cpp">
      <Filter>Source Files</Filter>
    </ClCompile>
    <ClCompile Include="bstream.cpp">
      <Filter>Source Files</Filter>
    </ClCompile>
    <ClCompile Include="sounds.cpp">
      <Filter>Source Files</Filter>
    </ClCompile>
    <ClCompile Include="testing\t_sounds.cpp">
      <Filter>Source Files\Testing\General</Filter>
    </ClCompile>
  </ItemGroup>
  <ItemGroup>
    <ClInclude Include="stdafx.h">
      <Filter>Source Files</Filter>
    </ClInclude>
    <ClInclude Include="app.h">
      <Filter>Source Files</Filter>
    </ClInclude>
    <ClInclude Include="win.h">
      <Filter>Source Files</Filter>
    </ClInclude>
    <ClInclude Include="errors.h">
      <Filter>Source Files</Filter>
    </ClInclude>
    <ClInclude Include="stdwin.h">
      <Filter>Source Files</Filter>
    </ClInclude>
    <ClInclude Include="camera.h">
      <Filter>Source Files</Filter>
    </ClInclude>
    <ClInclude Include="stdgfx.h">
      <Filter>Source Files</Filter>
    </ClInclude>
    <ClInclude Include="vector3.h">
      <Filter>Source Files\Math</Filter>
    </ClInclude>
    <ClInclude Include="math.h">
      <Filter>Source Files\Math</Filter>
    </ClInclude>
    <ClInclude Include="ray.h">
      <Filter>Source Files\Math</Filter>
    </ClInclude>
    <ClInclude Include="axes.h">
      <Filter>Source Files\Models</Filter>
    </ClInclude>
    <ClInclude Include="grid.h">
      <Filter>Source Files\Models</Filter>
    </ClInclude>
    <ClInclude Include="orbit.h">
      <Filter>Source Files\Models</Filter>
    </ClInclude>
    <ClInclude Include="stdres.h">
      <Filter>Resource Files</Filter>
    </ClInclude>
    <ClInclude Include="testing\sk_axes.h">
      <Filter>Source Files\Testing</Filter>
    </ClInclude>
    <ClInclude Include="testing\tests.h">
      <Filter>Source Files\Testing</Filter>
    </ClInclude>
    <ClInclude Include="ascii.h">
      <Filter>Source Files</Filter>
    </ClInclude>
    <ClInclude Include="matrix4.h">
      <Filter>Source Files\Math</Filter>
    </ClInclude>
    <ClInclude Include="gfx.h">
      <Filter>Source Files\Direct3D</Filter>
    </ClInclude>
    <ClInclude Include="layouts.h">
      <Filter>Source Files\Direct3D</Filter>
    </ClInclude>
    <ClInclude Include="shaders.h">
      <Filter>Source Files\Direct3D</Filter>
    </ClInclude>
    <ClInclude Include="rasters.h">
      <Filter>Source Files\Direct3D</Filter>
    </ClInclude>
    <ClInclude Include="texture.h">
      <Filter>Source Files\Direct3D</Filter>
    </ClInclude>
    <ClInclude Include="bmp.h">
      <Filter>Source Files\Textures</Filter>
    </ClInclude>
    <ClInclude Include="png.h">
      <Filter>Source Files\Textures</Filter>
    </ClInclude>
    <ClInclude Include="stc.h">
      <Filter>Source Files\Textures</Filter>
    </ClInclude>
    <ClInclude Include="tga.h">
      <Filter>Source Files\Textures</Filter>
    </ClInclude>
    <ClInclude Include="blending.h">
      <Filter>Source Files\Direct3D</Filter>
    </ClInclude>
    <ClInclude Include="sampler.h">
      <Filter>Source Files\Direct3D</Filter>
    </ClInclude>
    <ClInclude Include="stencil.h">
      <Filter>Source Files\Direct3D</Filter>
    </ClInclude>
    <ClInclude Include="player.h">
      <Filter>Source Files\Game</Filter>
    </ClInclude>
    <ClInclude Include="xinput.h">
      <Filter>Source Files</Filter>
    </ClInclude>
    <ClInclude Include="hudtex.h">
      <Filter>Source Files\Direct3D</Filter>
    </ClInclude>
    <ClInclude Include="testing\flyby.h">
      <Filter>Source Files\Testing</Filter>
    </ClInclude>
    <ClInclude Include="testing\t_portal.h">
      <Filter>Source Files\Testing</Filter>
    </ClInclude>
    <ClInclude Include="game.h">
      <Filter>Source Files\Game</Filter>
    </ClInclude>
    <ClInclude Include="door.h">
      <Filter>Source Files\Game</Filter>
    </ClInclude>
    <ClInclude Include="map.h">
      <Filter>Source Files\Game</Filter>
    </ClInclude>
    <ClInclude Include="portal.h">
      <Filter>Source Files\Game</Filter>
    </ClInclude>
    <ClInclude Include="collision.h">
      <Filter>Source Files\Math</Filter>
    </ClInclude>
    <ClInclude Include="testing\t_map.h">
      <Filter>Source Files\Testing</Filter>
    </ClInclude>
    <ClInclude Include="bvh.h">
      <Filter>Source Files\Math</Filter>
    </ClInclude>
    <ClInclude Include="aabb.h">
      <Filter>Source Files\Math</Filter>
    </ClInclude>
    <ClInclude Include="testing\t_aabb.h">
      <Filter>Source Files\Testing</Filter>
    </ClInclude>
    <ClInclude Include="sphere3.h">
      <Filter>Source Files\Math</Filter>
    </ClInclude>
    <ClInclude Include="testing\t_minmax.h">
      <Filter>Source Files\Testing</Filter>
    </ClInclude>
    <ClInclude Include="model.h">
      <Filter>Source Files</Filter>
    </ClInclude>
    <ClInclude Include="model_v2.h">
      <Filter>Source Files</Filter>
    </ClInclude>
    <ClInclude Include="meshbin.h">
      <Filter>Source Files</Filter>
    </ClInclude>
    <ClInclude Include="meshinst.h">
      <Filter>Source Files</Filter>
    </ClInclude>
    <ClInclude Include="testing\t_mesh.h">
      <Filter>Source Files\Testing\General</Filter>
    </ClInclude>
    <ClInclude Include="xaudio.h">
      <Filter>Source Files</Filter>
    </ClInclude>
    <ClInclude Include="fileio.h">
      <Filter>Source Files</Filter>
    </ClInclude>
    <ClInclude Include="bstream.h">
      <Filter>Source Files</Filter>
    </ClInclude>
    <ClInclude Include="sounds.h">
      <Filter>Source Files</Filter>
    </ClInclude>
    <ClInclude Include="testing\t_sounds.h">
      <Filter>Source Files\Testing\General</Filter>
    </ClInclude>
  </ItemGroup>
  <ItemGroup>
    <ResourceCompile Include="stdres.rc">
      <Filter>Resource Files</Filter>
    </ResourceCompile>
  </ItemGroup>
  <ItemGroup>
    <FxCompile Include="shaders\VS\VS_000.hlsl">
      <Filter>Shader Files\VS</Filter>
    </FxCompile>
    <FxCompile Include="shaders\VS\VS_001.hlsl">
      <Filter>Shader Files\VS</Filter>
    </FxCompile>
    <FxCompile Include="shaders\VS\VS_002.hlsl">
      <Filter>Shader Files\VS</Filter>
    </FxCompile>
    <FxCompile Include="shaders\VS\VS_003.hlsl">
      <Filter>Shader Files\VS</Filter>
    </FxCompile>
    <FxCompile Include="shaders\VS\VS_004.hlsl">
      <Filter>Shader Files\VS</Filter>
    </FxCompile>
    <FxCompile Include="shaders\VS\VS_005.hlsl">
      <Filter>Shader Files\VS</Filter>
    </FxCompile>
  </ItemGroup>
  <ItemGroup>
    <None Include="export.py">
      <Filter>Script Files</Filter>
    </None>
    <None Include="export2.py">
      <Filter>Script Files</Filter>
    </None>
  </ItemGroup>
</Project>