
Microsoft Visual Studio Solution File, Format Version 11.00
# Visual Studio 2010
Project("{8BC9CEB8-8B4A-11D0-8D11-00A0C91BC942}") = "aabb", "aabb\aabb.vcxproj", "{FA678F54-C026-4955-BDC6-60FCF32AA4CE}"
EndProject
Project("{8BC9CEB8-8B4A-11D0-8D11-00A0C91BC942}") = "octree", "octree\octree.vcxproj", "{11DB5B8D-0CF5-407C-892A-25AA531AA15C}"
EndProject
Project("{8BC9CEB8-8B4A-11D0-8D11-00A0C91BC942}") = "aabbtree", "aabbtree\aabbtree.vcxproj", "{EAF299E7-2E4E-4269-ACC8-E4D119E302BD}"
EndProject
Project("{8BC9CEB8-8B4A-11D0-8D11-00A0C91BC942}") = "rayAABB", "rayAABB\rayAABB.vcxproj", "{9A27A0F9-71D7-40A2-9656-5529F556596B}"
EndProject
Project("{8BC9CEB8-8B4A-11D0-8D11-00A0C91BC942}") = "bonechar", "bonechar\bonechar.vcxproj", "{E683F03B-9602-4FC8-A082-4FA16D86EB8F}"
EndProject
Project("{8BC9CEB8-8B4A-11D0-8D11-00A0C91BC942}") = "skeleton", "skeleton\skeleton.vcxproj", "{A68F191C-7BF1-4A21-8A91-A691172B4B26}"
EndProject
Project("{8BC9CEB8-8B4A-11D0-8D11-00A0C91BC942}") = "cammark", "cammark\cammark.vcxproj", "{F43D1783-B3A6-4083-9B2F-C933D80FDF2F}"
EndProject
Global
	GlobalSection(SolutionConfigurationPlatforms) = preSolution
		Debug|Win32 = Debug|Win32
		Release|Win32 = Release|Win32
	EndGlobalSection
	GlobalSection(ProjectConfigurationPlatforms) = postSolution
		{FA678F54-C026-4955-BDC6-60FCF32AA4CE}.Debug|Win32.ActiveCfg = Debug|Win32
		{FA678F54-C026-4955-BDC6-60FCF32AA4CE}.Debug|Win32.Build.0 = Debug|Win32
		{FA678F54-C026-4955-BDC6-60FCF32AA4CE}.Release|Win32.ActiveCfg = Release|Win32
		{FA678F54-C026-4955-BDC6-60FCF32AA4CE}.Release|Win32.Build.0 = Release|Win32
		{11DB5B8D-0CF5-407C-892A-25AA531AA15C}.Debug|Win32.ActiveCfg = Debug|Win32
		{11DB5B8D-0CF5-407C-892A-25AA531AA15C}.Debug|Win32.Build.0 = Debug|Win32
		{11DB5B8D-0CF5-407C-892A-25AA531AA15C}.Release|Win32.ActiveCfg = Release|Win32
		{11DB5B8D-0CF5-407C-892A-25AA531AA15C}.Release|Win32.Build.0 = Release|Win32
		{EAF299E7-2E4E-4269-ACC8-E4D119E302BD}.Debug|Win32.ActiveCfg = Debug|Win32
		{EAF299E7-2E4E-4269-ACC8-E4D119E302BD}.Debug|Win32.Build.0 = Debug|Win32
		{EAF299E7-2E4E-4269-ACC8-E4D119E302BD}.Release|Win32.ActiveCfg = Release|Win32
		{EAF299E7-2E4E-4269-ACC8-E4D119E302BD}.Release|Win32.Build.0 = Release|Win32
		{9A27A0F9-71D7-40A2-9656-5529F556596B}.Debug|Win32.ActiveCfg = Debug|Win32
		{9A27A0F9-71D7-40A2-9656-5529F556596B}.Debug|Win32.Build.0 = Debug|Win32
		{9A27A0F9-71D7-40A2-9656-5529F556596B}.Release|Win32.ActiveCfg = Release|Win32
		{9A27A0F9-71D7-40A2-9656-5529F556596B}.Release|Win32.Build.0 = Release|Win32
		{E683F03B-9602-4FC8-A082-4FA16D86EB8F}.Debug|Win32.ActiveCfg = Debug|Win32
		{E683F03B-9602-4FC8-A082-4FA16D86EB8F}.Debug|Win32.Build.0 = Debug|Win32
		{E683F03B-9602-4FC8-A082-4FA16D86EB8F}.Release|Win32.ActiveCfg = Release|Win32
		{E683F03B-9602-4FC8-A082-4FA16D86EB8F}.Release|Win32.Build.0 = Release|Win32
		{A68F191C-7BF1-4A21-8A91-A691172B4B26}.Debug|Win32.ActiveCfg = Debug|Win32
		{A68F191C-7BF1-4A21-8A91-A691172B4B26}.Debug|Win32.Build.0 = Debug|Win32
		{A68F191C-7BF1-4A21-8A91-A691172B4B26}.Release|Win32.ActiveCfg = Release|Win32
		{A68F191C-7BF1-4A21-8A91-A691172B4B26}.Release|Win32.Build.0 = Release|Win32
		{F43D1783-B3A6-4083-9B2F-C933D80FDF2F}.Debug|Win32.ActiveCfg = Debug|Win32
		{F43D1783-B3A6-4083-9B2F-C933D80FDF2F}.Debug|Win32.Build.0 = Debug|Win32
		{F43D1783-B3A6-4083-9B2F-C933D80FDF2F}.Release|Win32.ActiveCfg = Release|Win32
		{F43D1783-B3A6-4083-9B2F-C933D80FDF2F}.Release|Win32.Build.0 = Release|Win32
	EndGlobalSection
	GlobalSection(SolutionProperties) = preSolution
		HideSolutionNode = FALSE
	EndGlobalSection
EndGlobal
